
Microsoft Visual Studio Solution File, Format Version 12.00
# Visual Studio 15
VisualStudioVersion = 15.0.34930.48
MinimumVisualStudioVersion = 10.0.40219.1
Project("{FAE04EC0-301F-11D3-BF4B-00C04F79EFBC}") = "WebApplicationVTYS", "WebApplicationVTYS\WebApplicationVTYS.csproj", "{4617717B-CC00-40F0-9681-D2A9DF3FAEA1}"
EndProject
Global
	GlobalSection(SolutionConfigurationPlatforms) = preSolution
		Debug|Any CPU = Debug|Any CPU
		Release|Any CPU = Release|Any CPU
	EndGlobalSection
	GlobalSection(ProjectConfigurationPlatforms) = postSolution
		{4617717B-CC00-40F0-9681-D2A9DF3FAEA1}.Debug|Any CPU.ActiveCfg = Debug|Any CPU
		{4617717B-CC00-40F0-9681-D2A9DF3FAEA1}.Debug|Any CPU.Build.0 = Debug|Any CPU
		{4617717B-CC00-40F0-9681-D2A9DF3FAEA1}.Release|Any CPU.ActiveCfg = Release|Any CPU
		{4617717B-CC00-40F0-9681-D2A9DF3FAEA1}.Release|Any CPU.Build.0 = Release|Any CPU
	EndGlobalSection
	GlobalSection(SolutionProperties) = preSolution
		HideSolutionNode = FALSE
	EndGlobalSection
	GlobalSection(ExtensibilityGlobals) = postSolution
		SolutionGuid = {DB0A52A3-C4F9-46C0-BF99-AB4E52137019}
	EndGlobalSection
EndGlobal
